
Microsoft Visual Studio Solution File, Format Version 12.00
# Visual Studio Version 17
VisualStudioVersion = 17.13.35931.197
MinimumVisualStudioVersion = 10.0.40219.1
Project("{8BC9CEB8-8B4A-11D0-8D11-00A0C91BC942}") = "HelloWorld", "HelloWorld\HelloWorld.vcxproj", "{2D76264A-F24B-4775-8A2A-6F776A540C2A}"
EndProject
Project("{8BC9CEB8-8B4A-11D0-8D11-00A0C91BC942}") = "DataTypes", "DataTypes\DataTypes.vcxproj", "{FCF7269B-FBF8-475A-AB41-6487278350F0}"
EndProject
Project("{8BC9CEB8-8B4A-11D0-8D11-00A0C91BC942}") = "UserDataTypes", "UserDataTypes\UserDataTypes.vcxproj", "{70FADC70-94FB-48F3-A1D6-554A4FF036F1}"
EndProject
Project("{8BC9CEB8-8B4A-11D0-8D11-00A0C91BC942}") = "GuessingGame", "GuessingGame\GuessingGame.vcxproj", "{C9B4CAD5-658B-4BB8-9350-B52AC98823D5}"
EndProject
Project("{8BC9CEB8-8B4A-11D0-8D11-00A0C91BC942}") = "DataTypesPayrollProgram", "DataTypesPayrollProgram\DataTypesPayrollProgram.vcxproj", "{916F861F-A3B6-4318-B1F2-107BFD6C3B70}"
EndProject
Project("{8BC9CEB8-8B4A-11D0-8D11-00A0C91BC942}") = "UserDataTypesPayrollProgram", "UserDataTypesPayrollProgram\UserDataTypesPayrollProgram.vcxproj", "{4BB1B0AC-192B-4D2A-A756-3F5DFE1449A4}"
EndProject
Project("{8BC9CEB8-8B4A-11D0-8D11-00A0C91BC942}") = "Memory", "Memory\Memory.vcxproj", "{60A40530-CF96-422B-8FEB-630C288A6208}"
EndProject
Project("{8BC9CEB8-8B4A-11D0-8D11-00A0C91BC942}") = "MemoryReview", "MemoryReview\MemoryReview.vcxproj", "{FDFC6F3E-3ACA-4573-BCC1-07982A92B57F}"
EndProject
Project("{8BC9CEB8-8B4A-11D0-8D11-00A0C91BC942}") = "Container", "Container\Container.vcxproj", "{82CE6452-2D3B-42F9-A57E-63738C2BE4BC}"
EndProject
Project("{8BC9CEB8-8B4A-11D0-8D11-00A0C91BC942}") = "containers", "containers\containers.vcxproj", "{25169D99-40EB-42D5-B633-B91443925B66}"
EndProject
Project("{8BC9CEB8-8B4A-11D0-8D11-00A0C91BC942}") = "OOP", "OOP\OOP.vcxproj", "{2DF2A2DF-BC4D-4683-9B8C-2AD7E4153D0B}"
EndProject
Project("{8BC9CEB8-8B4A-11D0-8D11-00A0C91BC942}") = "Classes", "Classes\Classes.vcxproj", "{382B941A-BB4E-40B2-8ECB-186C378CFB25}"
EndProject
Project("{8BC9CEB8-8B4A-11D0-8D11-00A0C91BC942}") = "Fail", "Fail\Fail.vcxproj", "{23886D58-0F2D-49B2-8A91-E27F11033435}"
EndProject
Global
	GlobalSection(SolutionConfigurationPlatforms) = preSolution
		Debug|x64 = Debug|x64
		Debug|x86 = Debug|x86
		Release|x64 = Release|x64
		Release|x86 = Release|x86
	EndGlobalSection
	GlobalSection(ProjectConfigurationPlatforms) = postSolution
		{2D76264A-F24B-4775-8A2A-6F776A540C2A}.Debug|x64.ActiveCfg = Debug|x64
		{2D76264A-F24B-4775-8A2A-6F776A540C2A}.Debug|x64.Build.0 = Debug|x64
		{2D76264A-F24B-4775-8A2A-6F776A540C2A}.Debug|x86.ActiveCfg = Debug|Win32
		{2D76264A-F24B-4775-8A2A-6F776A540C2A}.Debug|x86.Build.0 = Debug|Win32
		{2D76264A-F24B-4775-8A2A-6F776A540C2A}.Release|x64.ActiveCfg = Release|x64
		{2D76264A-F24B-4775-8A2A-6F776A540C2A}.Release|x64.Build.0 = Release|x64
		{2D76264A-F24B-4775-8A2A-6F776A540C2A}.Release|x86.ActiveCfg = Release|Win32
		{2D76264A-F24B-4775-8A2A-6F776A540C2A}.Release|x86.Build.0 = Release|Win32
		{FCF7269B-FBF8-475A-AB41-6487278350F0}.Debug|x64.ActiveCfg = Debug|x64
		{FCF7269B-FBF8-475A-AB41-6487278350F0}.Debug|x64.Build.0 = Debug|x64
		{FCF7269B-FBF8-475A-AB41-6487278350F0}.Debug|x86.ActiveCfg = Debug|Win32
		{FCF7269B-FBF8-475A-AB41-6487278350F0}.Debug|x86.Build.0 = Debug|Win32
		{FCF7269B-FBF8-475A-AB41-6487278350F0}.Release|x64.ActiveCfg = Release|x64
		{FCF7269B-FBF8-475A-AB41-6487278350F0}.Release|x64.Build.0 = Release|x64
		{FCF7269B-FBF8-475A-AB41-6487278350F0}.Release|x86.ActiveCfg = Release|Win32
		{FCF7269B-FBF8-475A-AB41-6487278350F0}.Release|x86.Build.0 = Release|Win32
		{70FADC70-94FB-48F3-A1D6-554A4FF036F1}.Debug|x64.ActiveCfg = Debug|x64
		{70FADC70-94FB-48F3-A1D6-554A4FF036F1}.Debug|x64.Build.0 = Debug|x64
		{70FADC70-94FB-48F3-A1D6-554A4FF036F1}.Debug|x86.ActiveCfg = Debug|Win32
		{70FADC70-94FB-48F3-A1D6-554A4FF036F1}.Debug|x86.Build.0 = Debug|Win32
		{70FADC70-94FB-48F3-A1D6-554A4FF036F1}.Release|x64.ActiveCfg = Release|x64
		{70FADC70-94FB-48F3-A1D6-554A4FF036F1}.Release|x64.Build.0 = Release|x64
		{70FADC70-94FB-48F3-A1D6-554A4FF036F1}.Release|x86.ActiveCfg = Release|Win32
		{70FADC70-94FB-48F3-A1D6-554A4FF036F1}.Release|x86.Build.0 = Release|Win32
		{C9B4CAD5-658B-4BB8-9350-B52AC98823D5}.Debug|x64.ActiveCfg = Debug|x64
		{C9B4CAD5-658B-4BB8-9350-B52AC98823D5}.Debug|x64.Build.0 = Debug|x64
		{C9B4CAD5-658B-4BB8-9350-B52AC98823D5}.Debug|x86.ActiveCfg = Debug|Win32
		{C9B4CAD5-658B-4BB8-9350-B52AC98823D5}.Debug|x86.Build.0 = Debug|Win32
		{C9B4CAD5-658B-4BB8-9350-B52AC98823D5}.Release|x64.ActiveCfg = Release|x64
		{C9B4CAD5-658B-4BB8-9350-B52AC98823D5}.Release|x64.Build.0 = Release|x64
		{C9B4CAD5-658B-4BB8-9350-B52AC98823D5}.Release|x86.ActiveCfg = Release|Win32
		{C9B4CAD5-658B-4BB8-9350-B52AC98823D5}.Release|x86.Build.0 = Release|Win32
		{916F861F-A3B6-4318-B1F2-107BFD6C3B70}.Debug|x64.ActiveCfg = Debug|x64
		{916F861F-A3B6-4318-B1F2-107BFD6C3B70}.Debug|x64.Build.0 = Debug|x64
		{916F861F-A3B6-4318-B1F2-107BFD6C3B70}.Debug|x86.ActiveCfg = Debug|Win32
		{916F861F-A3B6-4318-B1F2-107BFD6C3B70}.Debug|x86.Build.0 = Debug|Win32
		{916F861F-A3B6-4318-B1F2-107BFD6C3B70}.Release|x64.ActiveCfg = Release|x64
		{916F861F-A3B6-4318-B1F2-107BFD6C3B70}.Release|x64.Build.0 = Release|x64
		{916F861F-A3B6-4318-B1F2-107BFD6C3B70}.Release|x86.ActiveCfg = Release|Win32
		{916F861F-A3B6-4318-B1F2-107BFD6C3B70}.Release|x86.Build.0 = Release|Win32
		{4BB1B0AC-192B-4D2A-A756-3F5DFE1449A4}.Debug|x64.ActiveCfg = Debug|x64
		{4BB1B0AC-192B-4D2A-A756-3F5DFE1449A4}.Debug|x64.Build.0 = Debug|x64
		{4BB1B0AC-192B-4D2A-A756-3F5DFE1449A4}.Debug|x86.ActiveCfg = Debug|Win32
		{4BB1B0AC-192B-4D2A-A756-3F5DFE1449A4}.Debug|x86.Build.0 = Debug|Win32
		{4BB1B0AC-192B-4D2A-A756-3F5DFE1449A4}.Release|x64.ActiveCfg = Release|x64
		{4BB1B0AC-192B-4D2A-A756-3F5DFE1449A4}.Release|x64.Build.0 = Release|x64
		{4BB1B0AC-192B-4D2A-A756-3F5DFE1449A4}.Release|x86.ActiveCfg = Release|Win32
		{4BB1B0AC-192B-4D2A-A756-3F5DFE1449A4}.Release|x86.Build.0 = Release|Win32
		{60A40530-CF96-422B-8FEB-630C288A6208}.Debug|x64.ActiveCfg = Debug|x64
		{60A40530-CF96-422B-8FEB-630C288A6208}.Debug|x64.Build.0 = Debug|x64
		{60A40530-CF96-422B-8FEB-630C288A6208}.Debug|x86.ActiveCfg = Debug|Win32
		{60A40530-CF96-422B-8FEB-630C288A6208}.Debug|x86.Build.0 = Debug|Win32
		{60A40530-CF96-422B-8FEB-630C288A6208}.Release|x64.ActiveCfg = Release|x64
		{60A40530-CF96-422B-8FEB-630C288A6208}.Release|x64.Build.0 = Release|x64
		{60A40530-CF96-422B-8FEB-630C288A6208}.Release|x86.ActiveCfg = Release|Win32
		{60A40530-CF96-422B-8FEB-630C288A6208}.Release|x86.Build.0 = Release|Win32
		{FDFC6F3E-3ACA-4573-BCC1-07982A92B57F}.Debug|x64.ActiveCfg = Debug|x64
		{FDFC6F3E-3ACA-4573-BCC1-07982A92B57F}.Debug|x64.Build.0 = Debug|x64
		{FDFC6F3E-3ACA-4573-BCC1-07982A92B57F}.Debug|x86.ActiveCfg = Debug|Win32
		{FDFC6F3E-3ACA-4573-BCC1-07982A92B57F}.Debug|x86.Build.0 = Debug|Win32
		{FDFC6F3E-3ACA-4573-BCC1-07982A92B57F}.Release|x64.ActiveCfg = Release|x64
		{FDFC6F3E-3ACA-4573-BCC1-07982A92B57F}.Release|x64.Build.0 = Release|x64
		{FDFC6F3E-3ACA-4573-BCC1-07982A92B57F}.Release|x86.ActiveCfg = Release|Win32
		{FDFC6F3E-3ACA-4573-BCC1-07982A92B57F}.Release|x86.Build.0 = Release|Win32
		{82CE6452-2D3B-42F9-A57E-63738C2BE4BC}.Debug|x64.ActiveCfg = Debug|x64
		{82CE6452-2D3B-42F9-A57E-63738C2BE4BC}.Debug|x64.Build.0 = Debug|x64
		{82CE6452-2D3B-42F9-A57E-63738C2BE4BC}.Debug|x86.ActiveCfg = Debug|Win32
		{82CE6452-2D3B-42F9-A57E-63738C2BE4BC}.Debug|x86.Build.0 = Debug|Win32
		{82CE6452-2D3B-42F9-A57E-63738C2BE4BC}.Release|x64.ActiveCfg = Release|x64
		{82CE6452-2D3B-42F9-A57E-63738C2BE4BC}.Release|x64.Build.0 = Release|x64
		{82CE6452-2D3B-42F9-A57E-63738C2BE4BC}.Release|x86.ActiveCfg = Release|Win32
		{82CE6452-2D3B-42F9-A57E-63738C2BE4BC}.Release|x86.Build.0 = Release|Win32
		{25169D99-40EB-42D5-B633-B91443925B66}.Debug|x64.ActiveCfg = Debug|x64
		{25169D99-40EB-42D5-B633-B91443925B66}.Debug|x64.Build.0 = Debug|x64
		{25169D99-40EB-42D5-B633-B91443925B66}.Debug|x86.ActiveCfg = Debug|Win32
		{25169D99-40EB-42D5-B633-B91443925B66}.Debug|x86.Build.0 = Debug|Win32
		{25169D99-40EB-42D5-B633-B91443925B66}.Release|x64.ActiveCfg = Release|x64
		{25169D99-40EB-42D5-B633-B91443925B66}.Release|x64.Build.0 = Release|x64
		{25169D99-40EB-42D5-B633-B91443925B66}.Release|x86.ActiveCfg = Release|Win32
		{25169D99-40EB-42D5-B633-B91443925B66}.Release|x86.Build.0 = Release|Win32
		{2DF2A2DF-BC4D-4683-9B8C-2AD7E4153D0B}.Debug|x64.ActiveCfg = Debug|x64
		{2DF2A2DF-BC4D-4683-9B8C-2AD7E4153D0B}.Debug|x64.Build.0 = Debug|x64
		{2DF2A2DF-BC4D-4683-9B8C-2AD7E4153D0B}.Debug|x86.ActiveCfg = Debug|Win32
		{2DF2A2DF-BC4D-4683-9B8C-2AD7E4153D0B}.Debug|x86.Build.0 = Debug|Win32
		{2DF2A2DF-BC4D-4683-9B8C-2AD7E4153D0B}.Release|x64.ActiveCfg = Release|x64
		{2DF2A2DF-BC4D-4683-9B8C-2AD7E4153D0B}.Release|x64.Build.0 = Release|x64
		{2DF2A2DF-BC4D-4683-9B8C-2AD7E4153D0B}.Release|x86.ActiveCfg = Release|Win32
		{2DF2A2DF-BC4D-4683-9B8C-2AD7E4153D0B}.Release|x86.Build.0 = Release|Win32
		{382B941A-BB4E-40B2-8ECB-186C378CFB25}.Debug|x64.ActiveCfg = Debug|x64
		{382B941A-BB4E-40B2-8ECB-186C378CFB25}.Debug|x64.Build.0 = Debug|x64
		{382B941A-BB4E-40B2-8ECB-186C378CFB25}.Debug|x86.ActiveCfg = Debug|Win32
		{382B941A-BB4E-40B2-8ECB-186C378CFB25}.Debug|x86.Build.0 = Debug|Win32
		{382B941A-BB4E-40B2-8ECB-186C378CFB25}.Release|x64.ActiveCfg = Release|x64
		{382B941A-BB4E-40B2-8ECB-186C378CFB25}.Release|x64.Build.0 = Release|x64
		{382B941A-BB4E-40B2-8ECB-186C378CFB25}.Release|x86.ActiveCfg = Release|Win32
		{382B941A-BB4E-40B2-8ECB-186C378CFB25}.Release|x86.Build.0 = Release|Win32
		{23886D58-0F2D-49B2-8A91-E27F11033435}.Debug|x64.ActiveCfg = Debug|x64
		{23886D58-0F2D-49B2-8A91-E27F11033435}.Debug|x64.Build.0 = Debug|x64
		{23886D58-0F2D-49B2-8A91-E27F11033435}.Debug|x86.ActiveCfg = Debug|Win32
		{23886D58-0F2D-49B2-8A91-E27F11033435}.Debug|x86.Build.0 = Debug|Win32
		{23886D58-0F2D-49B2-8A91-E27F11033435}.Release|x64.ActiveCfg = Release|x64
		{23886D58-0F2D-49B2-8A91-E27F11033435}.Release|x64.Build.0 = Release|x64
		{23886D58-0F2D-49B2-8A91-E27F11033435}.Release|x86.ActiveCfg = Release|Win32
		{23886D58-0F2D-49B2-8A91-E27F11033435}.Release|x86.Build.0 = Release|Win32
	EndGlobalSection
	GlobalSection(SolutionProperties) = preSolution
		HideSolutionNode = FALSE
	EndGlobalSection
	GlobalSection(ExtensibilityGlobals) = postSolution
		SolutionGuid = {12105AD9-45E0-4F93-9193-6207DC9CD4C5}
	EndGlobalSection
EndGlobal
